// !$*UTF8*$!
{
	archiveVersion = 1;
	classes = {
	};
	objectVersion = 46;
	objects = {

/* Begin PBXBuildFile section */
		7212A5921E33021300A233D9 /* main.m in Sources */ = {isa = PBXBuildFile; fileRef = 7212A5911E33021300A233D9 /* main.m */; };
		7212A5951E33021300A233D9 /* AppDelegate.m in Sources */ = {isa = PBXBuildFile; fileRef = 7212A5941E33021300A233D9 /* AppDelegate.m */; };
		7212A5981E33021300A233D9 /* ViewController.m in Sources */ = {isa = PBXBuildFile; fileRef = 7212A5971E33021300A233D9 /* ViewController.m */; };
		7212A59B1E33021300A233D9 /* Main.storyboard in Resources */ = {isa = PBXBuildFile; fileRef = 7212A5991E33021300A233D9 /* Main.storyboard */; };
		7212A59D1E33021300A233D9 /* Assets.xcassets in Resources */ = {isa = PBXBuildFile; fileRef = 7212A59C1E33021300A233D9 /* Assets.xcassets */; };
		7212A5A01E33021300A233D9 /* LaunchScreen.storyboard in Resources */ = {isa = PBXBuildFile; fileRef = 7212A59E1E33021300A233D9 /* LaunchScreen.storyboard */; };
		725BE3EF1E4B104B00DDD72B /* ViewController.m in Sources */ = {isa = PBXBuildFile; fileRef = 7212A5971E33021300A233D9 /* ViewController.m */; };
		725BE3F01E4B104B00DDD72B /* AppDelegate.m in Sources */ = {isa = PBXBuildFile; fileRef = 7212A5941E33021300A233D9 /* AppDelegate.m */; };
		725BE3F11E4B104B00DDD72B /* main.m in Sources */ = {isa = PBXBuildFile; fileRef = 7212A5911E33021300A233D9 /* main.m */; };
		725BE3F41E4B104B00DDD72B /* LaunchScreen.storyboard in Resources */ = {isa = PBXBuildFile; fileRef = 7212A59E1E33021300A233D9 /* LaunchScreen.storyboard */; };
		725BE3F51E4B104B00DDD72B /* Assets.xcassets in Resources */ = {isa = PBXBuildFile; fileRef = 7212A59C1E33021300A233D9 /* Assets.xcassets */; };
		725BE3F61E4B104B00DDD72B /* Main.storyboard in Resources */ = {isa = PBXBuildFile; fileRef = 7212A5991E33021300A233D9 /* Main.storyboard */; };
		725BE3FE1E4B150E00DDD72B /* MapKit.framework in Frameworks */ = {isa = PBXBuildFile; fileRef = 725BE3FD1E4B150E00DDD72B /* MapKit.framework */; };
		725BE4001E4B159500DDD72B /* LaunchScreen2.storyboard in Resources */ = {isa = PBXBuildFile; fileRef = 725BE3FF1E4B159500DDD72B /* LaunchScreen2.storyboard */; };
		725BE4011E4B159500DDD72B /* LaunchScreen2.storyboard in Resources */ = {isa = PBXBuildFile; fileRef = 725BE3FF1E4B159500DDD72B /* LaunchScreen2.storyboard */; };
		72CD7EA51E6452A60098C7A2 /* ViewTwo.m in Sources */ = {isa = PBXBuildFile; fileRef = 72CD7EA41E6452A60098C7A2 /* ViewTwo.m */; };
		72DD0EE01E63338800DC3AC5 /* AVFoundation.framework in Frameworks */ = {isa = PBXBuildFile; fileRef = 72DD0EDF1E63338800DC3AC5 /* AVFoundation.framework */; };
/* End PBXBuildFile section */

/* Begin PBXFileReference section */
		7212A58D1E33021300A233D9 /* HelloWorld.app */ = {isa = PBXFileReference; explicitFileType = wrapper.application; includeInIndex = 0; path = HelloWorld.app; sourceTree = BUILT_PRODUCTS_DIR; };
		7212A5911E33021300A233D9 /* main.m */ = {isa = PBXFileReference; lastKnownFileType = sourcecode.c.objc; path = main.m; sourceTree = "<group>"; };
		7212A5931E33021300A233D9 /* AppDelegate.h */ = {isa = PBXFileReference; lastKnownFileType = sourcecode.c.h; path = AppDelegate.h; sourceTree = "<group>"; };
		7212A5941E33021300A233D9 /* AppDelegate.m */ = {isa = PBXFileReference; lastKnownFileType = sourcecode.c.objc; path = AppDelegate.m; sourceTree = "<group>"; };
		7212A5961E33021300A233D9 /* ViewController.h */ = {isa = PBXFileReference; lastKnownFileType = sourcecode.c.h; path = ViewController.h; sourceTree = "<group>"; };
		7212A5971E33021300A233D9 /* ViewController.m */ = {isa = PBXFileReference; lastKnownFileType = sourcecode.c.objc; path = ViewController.m; sourceTree = "<group>"; };
		7212A59A1E33021300A233D9 /* Base */ = {isa = PBXFileReference; lastKnownFileType = file.storyboard; name = Base; path = Base.lproj/Main.storyboard; sourceTree = "<group>"; };
		7212A59C1E33021300A233D9 /* Assets.xcassets */ = {isa = PBXFileReference; lastKnownFileType = folder.assetcatalog; path = Assets.xcassets; sourceTree = "<group>"; };
		7212A59F1E33021300A233D9 /* Base */ = {isa = PBXFileReference; lastKnownFileType = file.storyboard; name = Base; path = Base.lproj/LaunchScreen.storyboard; sourceTree = "<group>"; };
		7212A5A11E33021300A233D9 /* Info.plist */ = {isa = PBXFileReference; lastKnownFileType = text.plist.xml; path = Info.plist; sourceTree = "<group>"; };
		725BE3FA1E4B104B00DDD72B /* HelloWorld_test.app */ = {isa = PBXFileReference; explicitFileType = wrapper.application; includeInIndex = 0; path = HelloWorld_test.app; sourceTree = BUILT_PRODUCTS_DIR; };
		725BE3FB1E4B104C00DDD72B /* HelloWorld copy-Info.plist */ = {isa = PBXFileReference; lastKnownFileType = text.plist.xml; name = "HelloWorld copy-Info.plist"; path = "/Users/xiaoming.zhao/Desktop/HelloWorld/HelloWorld copy-Info.plist"; sourceTree = "<absolute>"; };
		725BE3FD1E4B150E00DDD72B /* MapKit.framework */ = {isa = PBXFileReference; lastKnownFileType = wrapper.framework; name = MapKit.framework; path = System/Library/Frameworks/MapKit.framework; sourceTree = SDKROOT; };
		725BE3FF1E4B159500DDD72B /* LaunchScreen2.storyboard */ = {isa = PBXFileReference; fileEncoding = 4; lastKnownFileType = file.storyboard; path = LaunchScreen2.storyboard; sourceTree = "<group>"; };
		72CD7EA31E64525D0098C7A2 /* ViewTwo.h */ = {isa = PBXFileReference; fileEncoding = 4; lastKnownFileType = sourcecode.c.h; path = ViewTwo.h; sourceTree = "<group>"; };
		72CD7EA41E6452A60098C7A2 /* ViewTwo.m */ = {isa = PBXFileReference; fileEncoding = 4; lastKnownFileType = sourcecode.c.objc; path = ViewTwo.m; sourceTree = "<group>"; };
		72DD0EDF1E63338800DC3AC5 /* AVFoundation.framework */ = {isa = PBXFileReference; lastKnownFileType = wrapper.framework; name = AVFoundation.framework; path = System/Library/Frameworks/AVFoundation.framework; sourceTree = SDKROOT; };
/* End PBXFileReference section */

/* Begin PBXFrameworksBuildPhase section */
		7212A58A1E33021300A233D9 /* Frameworks */ = {
			isa = PBXFrameworksBuildPhase;
			buildActionMask = 2147483647;
			files = (
				72DD0EE01E63338800DC3AC5 /* AVFoundation.framework in Frameworks */,
				725BE3FE1E4B150E00DDD72B /* MapKit.framework in Frameworks */,
			);
			runOnlyForDeploymentPostprocessing = 0;
		};
		725BE3F21E4B104B00DDD72B /* Frameworks */ = {
			isa = PBXFrameworksBuildPhase;
			buildActionMask = 2147483647;
			files = (
			);
			runOnlyForDeploymentPostprocessing = 0;
		};
/* End PBXFrameworksBuildPhase section */

/* Begin PBXGroup section */
		7212A5841E33021300A233D9 = {
			isa = PBXGroup;
			children = (
				7212A58F1E33021300A233D9 /* HelloWorld */,
				7212A58E1E33021300A233D9 /* Products */,
				725BE3FB1E4B104C00DDD72B /* HelloWorld copy-Info.plist */,
				725BE3FC1E4B150E00DDD72B /* Frameworks */,
			);
			sourceTree = "<group>";
		};
		7212A58E1E33021300A233D9 /* Products */ = {
			isa = PBXGroup;
			children = (
				7212A58D1E33021300A233D9 /* HelloWorld.app */,
				725BE3FA1E4B104B00DDD72B /* HelloWorld_test.app */,
			);
			name = Products;
			sourceTree = "<group>";
		};
		7212A58F1E33021300A233D9 /* HelloWorld */ = {
			isa = PBXGroup;
			children = (
				7212A5931E33021300A233D9 /* AppDelegate.h */,
				7212A5941E33021300A233D9 /* AppDelegate.m */,
				7212A59C1E33021300A233D9 /* Assets.xcassets */,
				7212A5A11E33021300A233D9 /* Info.plist */,
				7212A59E1E33021300A233D9 /* LaunchScreen.storyboard */,
				725BE3FF1E4B159500DDD72B /* LaunchScreen2.storyboard */,
				7212A5991E33021300A233D9 /* Main.storyboard */,
				7212A5901E33021300A233D9 /* Supporting Files */,
				7212A5961E33021300A233D9 /* ViewController.h */,
				7212A5971E33021300A233D9 /* ViewController.m */,
				72CD7EA31E64525D0098C7A2 /* ViewTwo.h */,
				72CD7EA41E6452A60098C7A2 /* ViewTwo.m */,
			);
			path = HelloWorld;
			sourceTree = "<group>";
		};
		7212A5901E33021300A233D9 /* Supporting Files */ = {
			isa = PBXGroup;
			children = (
				7212A5911E33021300A233D9 /* main.m */,
			);
			name = "Supporting Files";
			sourceTree = "<group>";
		};
		725BE3FC1E4B150E00DDD72B /* Frameworks */ = {
			isa = PBXGroup;
			children = (
				72DD0EDF1E63338800DC3AC5 /* AVFoundation.framework */,
				725BE3FD1E4B150E00DDD72B /* MapKit.framework */,
			);
			name = Frameworks;
			sourceTree = "<group>";
		};
/* End PBXGroup section */

/* Begin PBXNativeTarget section */
		7212A58C1E33021300A233D9 /* HelloWorld */ = {
			isa = PBXNativeTarget;
			buildConfigurationList = 7212A5A41E33021300A233D9 /* Build configuration list for PBXNativeTarget "HelloWorld" */;
			buildPhases = (
				7212A5891E33021300A233D9 /* Sources */,
				7212A58A1E33021300A233D9 /* Frameworks */,
				7212A58B1E33021300A233D9 /* Resources */,
			);
			buildRules = (
			);
			dependencies = (
			);
			name = HelloWorld;
			productName = HelloWorld;
			productReference = 7212A58D1E33021300A233D9 /* HelloWorld.app */;
			productType = "com.apple.product-type.application";
		};
		725BE3ED1E4B104B00DDD72B /* HelloWorld_test */ = {
			isa = PBXNativeTarget;
			buildConfigurationList = 725BE3F71E4B104B00DDD72B /* Build configuration list for PBXNativeTarget "HelloWorld_test" */;
			buildPhases = (
				725BE3EE1E4B104B00DDD72B /* Sources */,
				725BE3F21E4B104B00DDD72B /* Frameworks */,
				725BE3F31E4B104B00DDD72B /* Resources */,
			);
			buildRules = (
			);
			dependencies = (
			);
			name = HelloWorld_test;
			productName = HelloWorld;
			productReference = 725BE3FA1E4B104B00DDD72B /* HelloWorld_test.app */;
			productType = "com.apple.product-type.application";
		};
/* End PBXNativeTarget section */

/* Begin PBXProject section */
		7212A5851E33021300A233D9 /* Project object */ = {
			isa = PBXProject;
			attributes = {
				LastUpgradeCheck = 0820;
				ORGANIZATIONNAME = XIAOMING.ZHAO;
				TargetAttributes = {
					7212A58C1E33021300A233D9 = {
						CreatedOnToolsVersion = 8.2.1;
						DevelopmentTeam = 7E7S437Q53;
						ProvisioningStyle = Automatic;
						SystemCapabilities = {
							com.apple.Maps.iOS = {
								enabled = 1;
							};
						};
					};
					725BE3ED1E4B104B00DDD72B = {
						DevelopmentTeam = 7E7S437Q53;
					};
				};
			};
			buildConfigurationList = 7212A5881E33021300A233D9 /* Build configuration list for PBXProject "HelloWorld" */;
			compatibilityVersion = "Xcode 3.2";
			developmentRegion = English;
			hasScannedForEncodings = 0;
			knownRegions = (
				en,
				Base,
			);
			mainGroup = 7212A5841E33021300A233D9;
			productRefGroup = 7212A58E1E33021300A233D9 /* Products */;
			projectDirPath = "";
			projectRoot = "";
			targets = (
				7212A58C1E33021300A233D9 /* HelloWorld */,
				725BE3ED1E4B104B00DDD72B /* HelloWorld_test */,
			);
		};
/* End PBXProject section */

/* Begin PBXResourcesBuildPhase section */
		7212A58B1E33021300A233D9 /* Resources */ = {
			isa = PBXResourcesBuildPhase;
			buildActionMask = 2147483647;
			files = (
				725BE4001E4B159500DDD72B /* LaunchScreen2.storyboard in Resources */,
				7212A5A01E33021300A233D9 /* LaunchScreen.storyboard in Resources */,
				7212A59D1E33021300A233D9 /* Assets.xcassets in Resources */,
				7212A59B1E33021300A233D9 /* Main.storyboard in Resources */,
			);
			runOnlyForDeploymentPostprocessing = 0;
		};
		725BE3F31E4B104B00DDD72B /* Resources */ = {
			isa = PBXResourcesBuildPhase;
			buildActionMask = 2147483647;
			files = (
				725BE4011E4B159500DDD72B /* LaunchScreen2.storyboard in Resources */,
				725BE3F41E4B104B00DDD72B /* LaunchScreen.storyboard in Resources */,
				725BE3F51E4B104B00DDD72B /* Assets.xcassets in Resources */,
				725BE3F61E4B104B00DDD72B /* Main.storyboard in Resources */,
			);
			runOnlyForDeploymentPostprocessing = 0;
		};
/* End PBXResourcesBuildPhase section */

/* Begin PBXSourcesBuildPhase section */
		7212A5891E33021300A233D9 /* Sources */ = {
			isa = PBXSourcesBuildPhase;
			buildActionMask = 2147483647;
			files = (
				7212A5981E33021300A233D9 /* ViewController.m in Sources */,
				72CD7EA51E6452A60098C7A2 /* ViewTwo.m in Sources */,
				7212A5951E33021300A233D9 /* AppDelegate.m in Sources */,
				7212A5921E33021300A233D9 /* main.m in Sources */,
			);
			runOnlyForDeploymentPostprocessing = 0;
		};
		725BE3EE1E4B104B00DDD72B /* Sources */ = {
			isa = PBXSourcesBuildPhase;
			buildActionMask = 2147483647;
			files = (
				725BE3EF1E4B104B00DDD72B /* ViewController.m in Sources */,
				725BE3F01E4B104B00DDD72B /* AppDelegate.m in Sources */,
				725BE3F11E4B104B00DDD72B /* main.m in Sources */,
			);
			runOnlyForDeploymentPostprocessing = 0;
		};
/* End PBXSourcesBuildPhase section */

/* Begin PBXVariantGroup section */
		7212A5991E33021300A233D9 /* Main.storyboard */ = {
			isa = PBXVariantGroup;
			children = (
				7212A59A1E33021300A233D9 /* Base */,
			);
			name = Main.storyboard;
			sourceTree = "<group>";
		};
		7212A59E1E33021300A233D9 /* LaunchScreen.storyboard */ = {
			isa = PBXVariantGroup;
			children = (
				7212A59F1E33021300A233D9 /* Base */,
			);
			name = LaunchScreen.storyboard;
			sourceTree = "<group>";
		};
/* End PBXVariantGroup section */

/* Begin XCBuildConfiguration section */
		7212A5A21E33021300A233D9 /* Debug */ = {
			isa = XCBuildConfiguration;
			buildSettings = {
				ALWAYS_SEARCH_USER_PATHS = NO;
				CLANG_ANALYZER_NONNULL = YES;
				CLANG_CXX_LANGUAGE_STANDARD = "gnu++0x";
				CLANG_CXX_LIBRARY = "libc++";
				CLANG_ENABLE_MODULES = YES;
				CLANG_ENABLE_OBJC_ARC = YES;
				CLANG_WARN_BOOL_CONVERSION = YES;
				CLANG_WARN_CONSTANT_CONVERSION = YES;
				CLANG_WARN_DIRECT_OBJC_ISA_USAGE = YES_ERROR;
				CLANG_WARN_DOCUMENTATION_COMMENTS = YES;
				CLANG_WARN_EMPTY_BODY = YES;
				CLANG_WARN_ENUM_CONVERSION = YES;
				CLANG_WARN_INFINITE_RECURSION = YES;
				CLANG_WARN_INT_CONVERSION = YES;
				CLANG_WARN_OBJC_ROOT_CLASS = YES_ERROR;
				CLANG_WARN_SUSPICIOUS_MOVE = YES;
				CLANG_WARN_UNREACHABLE_CODE = YES;
				CLANG_WARN__DUPLICATE_METHOD_MATCH = YES;
				"CODE_SIGN_IDENTITY[sdk=iphoneos*]" = "iPhone Developer";
				COPY_PHASE_STRIP = NO;
				DEBUG_INFORMATION_FORMAT = dwarf;
				ENABLE_STRICT_OBJC_MSGSEND = YES;
				ENABLE_TESTABILITY = YES;
				GCC_C_LANGUAGE_STANDARD = gnu99;
				GCC_DYNAMIC_NO_PIC = NO;
				GCC_NO_COMMON_BLOCKS = YES;
				GCC_OPTIMIZATION_LEVEL = 0;
				GCC_PREPROCESSOR_DEFINITIONS = (
					"DEBUG=1",
					"$(inherited)",
				);
				GCC_WARN_64_TO_32_BIT_CONVERSION = YES;
				GCC_WARN_ABOUT_RETURN_TYPE = YES_ERROR;
				GCC_WARN_UNDECLARED_SELECTOR = YES;
				GCC_WARN_UNINITIALIZED_AUTOS = YES_AGGRESSIVE;
				GCC_WARN_UNUSED_FUNCTION = YES;
				GCC_WARN_UNUSED_VARIABLE = YES;
				IPHONEOS_DEPLOYMENT_TARGET = 10.2;
				MTL_ENABLE_DEBUG_INFO = YES;
				ONLY_ACTIVE_ARCH = YES;
				SDKROOT = iphoneos;
				TARGETED_DEVICE_FAMILY = "1,2";
			};
			name = Debug;
		};
		7212A5A31E33021300A233D9 /* Release */ = {
			isa = XCBuildConfiguration;
			buildSettings = {
				ALWAYS_SEARCH_USER_PATHS = NO;
				CLANG_ANALYZER_NONNULL = YES;
				CLANG_CXX_LANGUAGE_STANDARD = "gnu++0x";
				CLANG_CXX_LIBRARY = "libc++";
				CLANG_ENABLE_MODULES = YES;
				CLANG_ENABLE_OBJC_ARC = YES;
				CLANG_WARN_BOOL_CONVERSION = YES;
				CLANG_WARN_CONSTANT_CONVERSION = YES;
				CLANG_WARN_DIRECT_OBJC_ISA_USAGE = YES_ERROR;
				CLANG_WARN_DOCUMENTATION_COMMENTS = YES;
				CLANG_WARN_EMPTY_BODY = YES;
				CLANG_WARN_ENUM_CONVERSION = YES;
				CLANG_WARN_INFINITE_RECURSION = YES;
				CLANG_WARN_INT_CONVERSION = YES;
				CLANG_WARN_OBJC_ROOT_CLASS = YES_ERROR;
				CLANG_WARN_SUSPICIOUS_MOVE = YES;
				CLANG_WARN_UNREACHABLE_CODE = YES;
				CLANG_WARN__DUPLICATE_METHOD_MATCH = YES;
				"CODE_SIGN_IDENTITY[sdk=iphoneos*]" = "iPhone Developer";
				COPY_PHASE_STRIP = NO;
				DEBUG_INFORMATION_FORMAT = "dwarf-with-dsym";
				ENABLE_NS_ASSERTIONS = NO;
				ENABLE_STRICT_OBJC_MSGSEND = YES;
				GCC_C_LANGUAGE_STANDARD = gnu99;
				GCC_NO_COMMON_BLOCKS = YES;
				GCC_WARN_64_TO_32_BIT_CONVERSION = YES;
				GCC_WARN_ABOUT_RETURN_TYPE = YES_ERROR;
				GCC_WARN_UNDECLARED_SELECTOR = YES;
				GCC_WARN_UNINITIALIZED_AUTOS = YES_AGGRESSIVE;
				GCC_WARN_UNUSED_FUNCTION = YES;
				GCC_WARN_UNUSED_VARIABLE = YES;
				IPHONEOS_DEPLOYMENT_TARGET = 10.2;
				MTL_ENABLE_DEBUG_INFO = NO;
				SDKROOT = iphoneos;
				TARGETED_DEVICE_FAMILY = "1,2";
				VALIDATE_PRODUCT = YES;
			};
			name = Release;
		};
		7212A5A51E33021300A233D9 /* Debug */ = {
			isa = XCBuildConfiguration;
			buildSettings = {
				ASSETCATALOG_COMPILER_APPICON_NAME = AppIcon;
				DEVELOPMENT_TEAM = 7E7S437Q53;
				INFOPLIST_FILE = HelloWorld/Info.plist;
				LD_RUNPATH_SEARCH_PATHS = "$(inherited) @executable_path/Frameworks";
				PRODUCT_BUNDLE_IDENTIFIER = com.philips.HelloWorld;
				PRODUCT_NAME = "$(TARGET_NAME)";
			};
			name = Debug;
		};
		7212A5A61E33021300A233D9 /* Release */ = {
			isa = XCBuildConfiguration;
			buildSettings = {
				ASSETCATALOG_COMPILER_APPICON_NAME = AppIcon;
				DEVELOPMENT_TEAM = 7E7S437Q53;
				INFOPLIST_FILE = HelloWorld/Info.plist;
				LD_RUNPATH_SEARCH_PATHS = "$(inherited) @executable_path/Frameworks";
				PRODUCT_BUNDLE_IDENTIFIER = com.philips.HelloWorld;
				PRODUCT_NAME = "$(TARGET_NAME)";
			};
			name = Release;
		};
		725BE3F81E4B104B00DDD72B /* Debug */ = {
			isa = XCBuildConfiguration;
			buildSettings = {
				ASSETCATALOG_COMPILER_LAUNCHIMAGE_NAME = LaunchImage;
				DEVELOPMENT_TEAM = 7E7S437Q53;
				INFOPLIST_FILE = "HelloWorld copy-Info.plist";
				LD_RUNPATH_SEARCH_PATHS = "$(inherited) @executable_path/Frameworks";
				PRODUCT_BUNDLE_IDENTIFIER = com.philips.HelloWorld;
				PRODUCT_NAME = "$(TARGET_NAME)";
				TARGETED_DEVICE_FAMILY = 2;
			};
			name = Debug;
		};
		725BE3F91E4B104B00DDD72B /* Release */ = {
			isa = XCBuildConfiguration;
			buildSettings = {
				ASSETCATALOG_COMPILER_LAUNCHIMAGE_NAME = LaunchImage;
				DEVELOPMENT_TEAM = 7E7S437Q53;
				INFOPLIST_FILE = "HelloWorld copy-Info.plist";
				LD_RUNPATH_SEARCH_PATHS = "$(inherited) @executable_path/Frameworks";
				PRODUCT_BUNDLE_IDENTIFIER = com.philips.HelloWorld;
				PRODUCT_NAME = "$(TARGET_NAME)";
				TARGETED_DEVICE_FAMILY = 2;
			};
			name = Release;
		};
/* End XCBuildConfiguration section */

/* Begin XCConfigurationList section */
		7212A5881E33021300A233D9 /* Build configuration list for PBXProject "HelloWorld" */ = {
			isa = XCConfigurationList;
			buildConfigurations = (
				7212A5A21E33021300A233D9 /* Debug */,
				7212A5A31E33021300A233D9 /* Release */,
			);
			defaultConfigurationIsVisible = 0;
			defaultConfigurationName = Release;
		};
		7212A5A41E33021300A233D9 /* Build configuration list for PBXNativeTarget "HelloWorld" */ = {
			isa = XCConfigurationList;
			buildConfigurations = (
				7212A5A51E33021300A233D9 /* Debug */,
				7212A5A61E33021300A233D9 /* Release */,
			);
			defaultConfigurationIsVisible = 0;
			defaultConfigurationName = Release;
		};
		725BE3F71E4B104B00DDD72B /* Build configuration list for PBXNativeTarget "HelloWorld_test" */ = {
			isa = XCConfigurationList;
			buildConfigurations = (
				725BE3F81E4B104B00DDD72B /* Debug */,
				725BE3F91E4B104B00DDD72B /* Release */,
			);
			defaultConfigurationIsVisible = 0;
			defaultConfigurationName = Release;
		};
/* End XCConfigurationList section */
	};
	rootObject = 7212A5851E33021300A233D9 /* Project object */;
}
